{
  "name": "code-auditor-mcp",
  "version": "3.4.12",
  "lockfileVersion": 3,
  "requires": true,
  "packages": {
    "": {
      "name": "code-auditor-mcp",
      "version": "3.4.12",
      "license": "MIT",
      "dependencies": {
        "@ast-grep/napi": "^0.44.1",
        "@mcp-ui/server": "^6.1.0",
        "@modelcontextprotocol/sdk": "^1.29.0",
        "ajv": "^8.20.0",
        "better-sqlite3": "^12.11.1",
        "chalk": "^5.6.2",
        "commander": "^15.0.0",
        "cors": "^2.8.6",
        "express": "^5.2.1",
        "inquirer": "^14.0.2",
        "picomatch": "^4.0.5",
        "web-tree-sitter": "^0.26.11"
      },
      "bin": {
        "code-audit": "dist/cli.js",
        "code-auditor-mcp": "dist/mcp.js"
      },
      "devDependencies": {
        "@types/better-sqlite3": "^7.6.13",
        "@types/cors": "^2.8.19",
        "@types/express": "^5.0.6",
        "@types/inquirer": "^9.0.10",
        "@types/node": "^26.1.1",
        "@types/picomatch": "^4.0.3",
        "tree-sitter-cli": "^0.26.12",
        "tree-sitter-css": "^0.25.0",
        "tree-sitter-go": "^0.25.0",
        "tree-sitter-javascript": "^0.25.0",
        "tree-sitter-scss": "^1.0.0",
        "tree-sitter-typescript": "^0.23.2",
        "tsx": "^4.23.1",
        "typescript": "^7.0.2",
        "vitest": "^1.6.1"
      },
      "engines": {
        "node": ">=18.0.0"
      },
      "optionalDependencies": {
        "@ast-grep/napi-darwin-arm64": "0.44.1",
        "@ast-grep/napi-darwin-x64": "0.44.1",
        "@ast-grep/napi-linux-arm64-gnu": "0.44.1",
        "@ast-grep/napi-linux-arm64-musl": "0.44.1",
        "@ast-grep/napi-linux-x64-gnu": "0.44.1",
        "@ast-grep/napi-linux-x64-musl": "0.44.1",
        "@ast-grep/napi-win32-x64-msvc": "0.44.1"
      }
    },
    "../../node_modules/.pnpm/@ast-grep+napi-darwin-arm64@0.44.1/node_modules/@ast-grep/napi-darwin-arm64": {
      "version": "0.44.1",
      "cpu": [
        "arm64"
      ],
      "license": "MIT",
      "optional": true,
      "os": [
        "darwin"
      ],
      "engines": {
        "node": ">= 10"
      }
    },
    "../../node_modules/.pnpm/@ast-grep+napi@0.44.1/node_modules/@ast-grep/napi": {
      "version": "0.44.1",
      "license": "MIT",
      "devDependencies": {
        "@ast-grep/napi": "0.44.0",
        "@napi-rs/cli": "3.7.2",
        "@types/node": "^24.0.0",
        "ava": "7.0.0",
        "chalk": "5.6.2",
        "dprint": "0.55.1",
        "oxlint": "1.72.0",
        "smol-toml": "^1.3.1",
        "tsimp": "2.0.12",
        "typescript": "6.0.3"
      },
      "engines": {
        "node": ">= 10"
      },
      "optionalDependencies": {
        "@ast-grep/napi-darwin-arm64": "0.44.1",
        "@ast-grep/napi-darwin-x64": "0.44.1",
        "@ast-grep/napi-linux-arm64-gnu": "0.44.1",
        "@ast-grep/napi-linux-arm64-musl": "0.44.1",
        "@ast-grep/napi-linux-x64-gnu": "0.44.1",
        "@ast-grep/napi-linux-x64-musl": "0.44.1",
        "@ast-grep/napi-win32-arm64-msvc": "0.44.1",
        "@ast-grep/napi-win32-ia32-msvc": "0.44.1",
        "@ast-grep/napi-win32-x64-msvc": "0.44.1"
      }
    },
    "../../node_modules/.pnpm/@mcp-ui+server@6.1.0_zod@3.25.76/node_modules/@mcp-ui/server": {
      "version": "6.1.0",
      "license": "Apache-2.0",
      "dependencies": {
        "@modelcontextprotocol/ext-apps": "^0.3.1",
        "@modelcontextprotocol/sdk": "^1.25.1"
      },
      "devDependencies": {
        "@types/node": "^18.19.100",
        "@vitest/coverage-v8": "^1.0.0",
        "esbuild": "^0.19.0",
        "typescript": "^5.0.0",
        "vite": "^5.0.0",
        "vite-plugin-dts": "^3.6.0",
        "vitest": "^1.0.0"
      }
    },
    "../../node_modules/.pnpm/@modelcontextprotocol+sdk@1.29.0_zod@3.25.76/node_modules/@modelcontextprotocol/sdk": {
      "version": "1.29.0",
      "license": "MIT",
      "dependencies": {
        "@hono/node-server": "^1.19.9",
        "ajv": "^8.17.1",
        "ajv-formats": "^3.0.1",
        "content-type": "^1.0.5",
        "cors": "^2.8.5",
        "cross-spawn": "^7.0.5",
        "eventsource": "^3.0.2",
        "eventsource-parser": "^3.0.0",
        "express": "^5.2.1",
        "express-rate-limit": "^8.2.1",
        "hono": "^4.11.4",
        "jose": "^6.1.3",
        "json-schema-typed": "^8.0.2",
        "pkce-challenge": "^5.0.0",
        "raw-body": "^3.0.0",
        "zod": "^3.25 || ^4.0",
        "zod-to-json-schema": "^3.25.1"
      },
      "devDependencies": {
        "@cfworker/json-schema": "^4.1.1",
        "@eslint/js": "^9.39.1",
        "@modelcontextprotocol/conformance": "^0.1.14",
        "@types/content-type": "^1.1.8",
        "@types/cors": "^2.8.17",
        "@types/cross-spawn": "^6.0.6",
        "@types/eventsource": "^1.1.15",
        "@types/express": "^5.0.0",
        "@types/express-serve-static-core": "^5.1.0",
        "@types/node": "^22.12.0",
        "@types/supertest": "^6.0.2",
        "@types/ws": "^8.5.12",
        "@typescript/native-preview": "^7.0.0-dev.20251103.1",
        "eslint": "^9.8.0",
        "eslint-config-prettier": "^10.1.8",
        "eslint-plugin-n": "^17.23.1",
        "prettier": "3.6.2",
        "supertest": "^7.0.0",
        "tsx": "^4.16.5",
        "typescript": "^5.5.4",
        "typescript-eslint": "^8.48.1",
        "vitest": "^4.0.8",
        "ws": "^8.18.0"
      },
      "engines": {
        "node": ">=18"
      },
      "peerDependencies": {
        "@cfworker/json-schema": "^4.1.1",
        "zod": "^3.25 || ^4.0"
      },
      "peerDependenciesMeta": {
        "@cfworker/json-schema": {
          "optional": true
        },
        "zod": {
          "optional": false
        }
      }
    },
    "../../node_modules/.pnpm/@types+better-sqlite3@7.6.13/node_modules/@types/better-sqlite3": {
      "version": "7.6.13",
      "dev": true,
      "license": "MIT",
      "dependencies": {
        "@types/node": "*"
      }
    },
    "../../node_modules/.pnpm/@types+cors@2.8.19/node_modules/@types/cors": {
      "version": "2.8.19",
      "dev": true,
      "license": "MIT",
      "dependencies": {
        "@types/node": "*"
      }
    },
    "../../node_modules/.pnpm/@types+express@5.0.6/node_modules/@types/express": {
      "version": "5.0.6",
      "dev": true,
      "license": "MIT",
      "dependencies": {
        "@types/body-parser": "*",
        "@types/express-serve-static-core": "^5.0.0",
        "@types/serve-static": "^2"
      }
    },
    "../../node_modules/.pnpm/@types+inquirer@9.0.10/node_modules/@types/inquirer": {
      "version": "9.0.10",
      "dev": true,
      "license": "MIT",
      "dependencies": {
        "@types/through": "*",
        "rxjs": "^7.2.0"
      }
    },
    "../../node_modules/.pnpm/@types+node@26.1.1/node_modules/@types/node": {
      "version": "26.1.1",
      "dev": true,
      "license": "MIT",
      "dependencies": {
        "undici-types": "~8.3.0"
      }
    },
    "../../node_modules/.pnpm/@types+picomatch@4.0.3/node_modules/@types/picomatch": {
      "version": "4.0.3",
      "dev": true,
      "license": "MIT"
    },
    "../../node_modules/.pnpm/ajv@8.20.0/node_modules/ajv": {
      "version": "8.20.0",
      "license": "MIT",
      "dependencies": {
        "fast-deep-equal": "^3.1.3",
        "fast-uri": "^3.0.1",
        "json-schema-traverse": "^1.0.0",
        "require-from-string": "^2.0.2"
      },
      "devDependencies": {
        "@ajv-validator/config": "^0.5.0",
        "@rollup/plugin-commonjs": "^25.0.7",
        "@rollup/plugin-json": "^6.1.0",
        "@rollup/plugin-node-resolve": "^15.2.3",
        "@rollup/plugin-typescript": "^11.1.6",
        "@types/chai": "^4.3.11",
        "@types/mocha": "^10.0.6",
        "@types/node": "^20.11.30",
        "@types/require-from-string": "^1.2.3",
        "@typescript-eslint/eslint-plugin": "^7.3.1",
        "@typescript-eslint/parser": "^7.3.1",
        "ajv-formats": "^3.0.1",
        "browserify": "^17.0.0",
        "chai": "^4.4.1",
        "cross-env": "^7.0.3",
        "dayjs": "^1.11.10",
        "dayjs-plugin-utc": "^0.1.2",
        "eslint": "^8.57.0",
        "eslint-config-prettier": "^9.1.0",
        "glob": "^10.3.10",
        "husky": "^9.0.11",
        "jimp": "^0.22.10",
        "js-beautify": "^1.15.1",
        "json-schema-test": "^2.0.0",
        "karma": "^6.4.2",
        "karma-chrome-launcher": "^3.2.0",
        "karma-mocha": "^2.0.1",
        "lint-staged": "^15.2.2",
        "mocha": "^10.3.0",
        "module-from-string": "^3.3.0",
        "node-fetch": "^3.3.2",
        "nyc": "^15.1.0",
        "prettier": "3.0.3",
        "re2": "^1.20.9",
        "rollup": "^2.79.1",
        "rollup-plugin-terser": "^7.0.2",
        "ts-node": "^10.9.2",
        "tsify": "^5.0.4",
        "typescript": "5.3.3",
        "uri-js": "^4.4.1"
      },
      "funding": {
        "type": "github",
        "url": "https://github.com/sponsors/epoberezkin"
      }
    },
    "../../node_modules/.pnpm/better-sqlite3@12.11.1/node_modules/better-sqlite3": {
      "version": "12.11.1",
      "hasInstallScript": true,
      "license": "MIT",
      "dependencies": {
        "bindings": "^1.5.0",
        "prebuild-install": "^7.1.1"
      },
      "devDependencies": {
        "chai": "^4.3.8",
        "cli-color": "^2.0.3",
        "fs-extra": "^11.1.1",
        "mocha": "^11.7.5",
        "nodemark": "^0.3.0",
        "prebuild": "^13.0.1",
        "sqlite": "^5.0.1",
        "sqlite3": "^5.1.6"
      },
      "engines": {
        "node": "20.x || 22.x || 23.x || 24.x || 25.x || 26.x"
      }
    },
    "../../node_modules/.pnpm/chalk@5.6.2/node_modules/chalk": {
      "version": "5.6.2",
      "license": "MIT",
      "devDependencies": {
        "@types/node": "^16.11.10",
        "ava": "^3.15.0",
        "c8": "^7.10.0",
        "color-convert": "^2.0.1",
        "execa": "^6.0.0",
        "log-update": "^5.0.0",
        "matcha": "^0.7.0",
        "tsd": "^0.19.0",
        "xo": "^0.57.0",
        "yoctodelay": "^2.0.0"
      },
      "engines": {
        "node": "^12.17.0 || ^14.13 || >=16.0.0"
      },
      "funding": {
        "url": "https://github.com/chalk/chalk?sponsor=1"
      }
    },
    "../../node_modules/.pnpm/commander@15.0.0/node_modules/commander": {
      "version": "15.0.0",
      "license": "MIT",
      "devDependencies": {
        "@eslint/js": "^10.0.1",
        "@types/node": "^22.7.4",
        "eslint": "^10.0.2",
        "eslint-config-prettier": "^10.0.1",
        "globals": "^17.3.0",
        "prettier": "^3.2.5",
        "tsd": "^0.33.0",
        "typescript": "^6.0.2",
        "typescript-eslint": "^8.12.2"
      },
      "engines": {
        "node": ">=22.12.0"
      }
    },
    "../../node_modules/.pnpm/cors@2.8.6/node_modules/cors": {
      "version": "2.8.6",
      "license": "MIT",
      "dependencies": {
        "object-assign": "^4",
        "vary": "^1"
      },
      "devDependencies": {
        "after": "0.8.2",
        "eslint": "7.30.0",
        "express": "4.21.2",
        "mocha": "9.2.2",
        "nyc": "15.1.0",
        "supertest": "6.1.3"
      },
      "engines": {
        "node": ">= 0.10"
      },
      "funding": {
        "type": "opencollective",
        "url": "https://opencollective.com/express"
      }
    },
    "../../node_modules/.pnpm/express@5.2.1/node_modules/express": {
      "version": "5.2.1",
      "license": "MIT",
      "dependencies": {
        "accepts": "^2.0.0",
        "body-parser": "^2.2.1",
        "content-disposition": "^1.0.0",
        "content-type": "^1.0.5",
        "cookie": "^0.7.1",
        "cookie-signature": "^1.2.1",
        "debug": "^4.4.0",
        "depd": "^2.0.0",
        "encodeurl": "^2.0.0",
        "escape-html": "^1.0.3",
        "etag": "^1.8.1",
        "finalhandler": "^2.1.0",
        "fresh": "^2.0.0",
        "http-errors": "^2.0.0",
        "merge-descriptors": "^2.0.0",
        "mime-types": "^3.0.0",
        "on-finished": "^2.4.1",
        "once": "^1.4.0",
        "parseurl": "^1.3.3",
        "proxy-addr": "^2.0.7",
        "qs": "^6.14.0",
        "range-parser": "^1.2.1",
        "router": "^2.2.0",
        "send": "^1.1.0",
        "serve-static": "^2.2.0",
        "statuses": "^2.0.1",
        "type-is": "^2.0.1",
        "vary": "^1.1.2"
      },
      "devDependencies": {
        "after": "0.8.2",
        "connect-redis": "^8.0.1",
        "cookie-parser": "1.4.7",
        "cookie-session": "2.1.1",
        "ejs": "^3.1.10",
        "eslint": "8.47.0",
        "express-session": "^1.18.1",
        "hbs": "4.2.0",
        "marked": "^15.0.3",
        "method-override": "3.0.0",
        "mocha": "^10.7.3",
        "morgan": "1.10.1",
        "nyc": "^17.1.0",
        "pbkdf2-password": "1.2.1",
        "supertest": "^6.3.0",
        "vhost": "~3.0.2"
      },
      "engines": {
        "node": ">= 18"
      },
      "funding": {
        "type": "opencollective",
        "url": "https://opencollective.com/express"
      }
    },
    "../../node_modules/.pnpm/inquirer@14.0.2_@types+node@26.1.1/node_modules/inquirer": {
      "version": "14.0.2",
      "license": "MIT",
      "dependencies": {
        "@inquirer/ansi": "^2.0.7",
        "@inquirer/core": "^11.2.1",
        "@inquirer/prompts": "^8.5.2",
        "@inquirer/type": "^4.0.7",
        "mute-stream": "^3.0.0",
        "run-async": "^4.0.6"
      },
      "devDependencies": {
        "@types/mute-stream": "^0.0.4",
        "rxjs": "^7.8.2",
        "typescript": "^6.0.2"
      },
      "engines": {
        "node": ">=23.5.0 || ^22.13.0 || ^20.17.0"
      },
      "peerDependencies": {
        "@types/node": ">=18"
      },
      "peerDependenciesMeta": {
        "@types/node": {
          "optional": true
        }
      }
    },
    "../../node_modules/.pnpm/picomatch@4.0.5/node_modules/picomatch": {
      "version": "4.0.5",
      "license": "MIT",
      "devDependencies": {
        "eslint": "^8.57.0",
        "fill-range": "^7.0.1",
        "gulp-format-md": "^2.0.0",
        "mocha": "^10.4.0",
        "nyc": "^15.1.0"
      },
      "engines": {
        "node": ">=12"
      },
      "funding": {
        "url": "https://github.com/sponsors/jonschlinkert"
      }
    },
    "../../node_modules/.pnpm/tree-sitter-css@0.25.0/node_modules/tree-sitter-css": {
      "version": "0.25.0",
      "dev": true,
      "hasInstallScript": true,
      "license": "MIT",
      "dependencies": {
        "node-addon-api": "^8.5.0",
        "node-gyp-build": "^4.8.4"
      },
      "devDependencies": {
        "eslint": ">=9.14.0",
        "eslint-config-treesitter": "^1.0.2",
        "prebuildify": "^6.0.1",
        "tree-sitter-cli": "^0.25.10"
      },
      "funding": {
        "url": "https://github.com/sponsors/tree-sitter"
      },
      "peerDependencies": {
        "tree-sitter": "^0.25.0"
      },
      "peerDependenciesMeta": {
        "tree-sitter": {
          "optional": true
        }
      }
    },
    "../../node_modules/.pnpm/tree-sitter-go@0.25.0/node_modules/tree-sitter-go": {
      "version": "0.25.0",
      "dev": true,
      "hasInstallScript": true,
      "license": "MIT",
      "dependencies": {
        "node-addon-api": "^8.3.1",
        "node-gyp-build": "^4.8.4"
      },
      "devDependencies": {
        "eslint": "^9.12.0",
        "eslint-config-treesitter": "^1.0.2",
        "prebuildify": "^6.0.1",
        "tree-sitter-cli": "^0.25.8"
      },
      "peerDependencies": {
        "tree-sitter": "^0.25.0"
      },
      "peerDependenciesMeta": {
        "tree-sitter": {
          "optional": true
        }
      }
    },
    "../../node_modules/.pnpm/tree-sitter-javascript@0.25.0/node_modules/tree-sitter-javascript": {
      "version": "0.25.0",
      "dev": true,
      "hasInstallScript": true,
      "license": "MIT",
      "dependencies": {
        "node-addon-api": "^8.3.1",
        "node-gyp-build": "^4.8.4"
      },
      "devDependencies": {
        "eslint": "^9.14.0",
        "eslint-config-treesitter": "^1.0.2",
        "prebuildify": "^6.0.1",
        "tree-sitter-cli": "^0.25.8"
      },
      "peerDependencies": {
        "tree-sitter": "^0.25.0"
      },
      "peerDependenciesMeta": {
        "tree-sitter": {
          "optional": true
        }
      }
    },
    "../../node_modules/.pnpm/tree-sitter-scss@1.0.0/node_modules/tree-sitter-scss": {
      "version": "1.0.0",
      "dev": true,
      "hasInstallScript": true,
      "license": "MIT",
      "dependencies": {
        "node-addon-api": "^8.0.0",
        "node-gyp-build": "^4.8.0",
        "tree-sitter-css": "^0.20.0"
      },
      "devDependencies": {
        "eslint": "^8.57.0",
        "eslint-config-google": "^0.14.0",
        "prebuildify": "^6.0.0",
        "tree-sitter-cli": "^0.22.2"
      },
      "peerDependencies": {
        "tree-sitter": "^0.21.0"
      },
      "peerDependenciesMeta": {
        "tree-sitter": {
          "optional": true
        }
      }
    },
    "../../node_modules/.pnpm/tree-sitter-typescript@0.23.2/node_modules/tree-sitter-typescript": {
      "version": "0.23.2",
      "dev": true,
      "hasInstallScript": true,
      "license": "MIT",
      "dependencies": {
        "node-addon-api": "^8.2.2",
        "node-gyp-build": "^4.8.2",
        "tree-sitter-javascript": "^0.23.1"
      },
      "devDependencies": {
        "eslint": ">=9.14.0",
        "eslint-config-treesitter": "^1.0.2",
        "prebuildify": "^6.0.1",
        "tree-sitter-cli": "^0.24.4"
      },
      "peerDependencies": {
        "tree-sitter": "^0.21.0"
      },
      "peerDependenciesMeta": {
        "tree-sitter": {
          "optional": true
        }
      }
    },
    "../../node_modules/.pnpm/tsx@4.23.1/node_modules/tsx": {
      "version": "4.23.1",
      "dev": true,
      "license": "MIT",
      "dependencies": {
        "esbuild": "~0.28.0"
      },
      "bin": {
        "tsx": "dist/cli.mjs"
      },
      "engines": {
        "node": ">=18.0.0"
      },
      "optionalDependencies": {
        "fsevents": "~2.3.3"
      }
    },
    "../../node_modules/.pnpm/typescript@7.0.2/node_modules/typescript": {
      "version": "7.0.2",
      "dev": true,
      "license": "Apache-2.0",
      "bin": {
        "tsc": "bin/tsc"
      },
      "engines": {
        "node": ">=16.20.0"
      },
      "optionalDependencies": {
        "@typescript/typescript-aix-ppc64": "7.0.2",
        "@typescript/typescript-darwin-arm64": "7.0.2",
        "@typescript/typescript-darwin-x64": "7.0.2",
        "@typescript/typescript-freebsd-arm64": "7.0.2",
        "@typescript/typescript-freebsd-x64": "7.0.2",
        "@typescript/typescript-linux-arm": "7.0.2",
        "@typescript/typescript-linux-arm64": "7.0.2",
        "@typescript/typescript-linux-loong64": "7.0.2",
        "@typescript/typescript-linux-mips64el": "7.0.2",
        "@typescript/typescript-linux-ppc64": "7.0.2",
        "@typescript/typescript-linux-riscv64": "7.0.2",
        "@typescript/typescript-linux-s390x": "7.0.2",
        "@typescript/typescript-linux-x64": "7.0.2",
        "@typescript/typescript-netbsd-arm64": "7.0.2",
        "@typescript/typescript-netbsd-x64": "7.0.2",
        "@typescript/typescript-openbsd-arm64": "7.0.2",
        "@typescript/typescript-openbsd-x64": "7.0.2",
        "@typescript/typescript-sunos-x64": "7.0.2",
        "@typescript/typescript-win32-arm64": "7.0.2",
        "@typescript/typescript-win32-x64": "7.0.2"
      }
    },
    "../../node_modules/.pnpm/vitest@1.6.1_@types+node@26.1.1/node_modules/vitest": {
      "version": "1.6.1",
      "dev": true,
      "license": "MIT",
      "dependencies": {
        "@vitest/expect": "1.6.1",
        "@vitest/runner": "1.6.1",
        "@vitest/snapshot": "1.6.1",
        "@vitest/spy": "1.6.1",
        "@vitest/utils": "1.6.1",
        "acorn-walk": "^8.3.2",
        "chai": "^4.3.10",
        "debug": "^4.3.4",
        "execa": "^8.0.1",
        "local-pkg": "^0.5.0",
        "magic-string": "^0.30.5",
        "pathe": "^1.1.1",
        "picocolors": "^1.0.0",
        "std-env": "^3.5.0",
        "strip-literal": "^2.0.0",
        "tinybench": "^2.5.1",
        "tinypool": "^0.8.3",
        "vite": "^5.0.0",
        "vite-node": "1.6.1",
        "why-is-node-running": "^2.2.2"
      },
      "bin": {
        "vitest": "vitest.mjs"
      },
      "devDependencies": {
        "@ampproject/remapping": "^2.2.1",
        "@antfu/install-pkg": "^0.3.1",
        "@edge-runtime/vm": "^3.1.8",
        "@sinonjs/fake-timers": "11.1.0",
        "@types/estree": "^1.0.5",
        "@types/istanbul-lib-coverage": "^2.0.6",
        "@types/istanbul-reports": "^3.0.4",
        "@types/jsdom": "^21.1.6",
        "@types/micromatch": "^4.0.6",
        "@types/node": "^20.11.5",
        "@types/prompts": "^2.4.9",
        "@types/sinonjs__fake-timers": "^8.1.5",
        "birpc": "0.2.15",
        "cac": "^6.7.14",
        "chai-subset": "^1.6.0",
        "cli-truncate": "^4.0.0",
        "expect-type": "^0.17.3",
        "fast-glob": "^3.3.2",
        "find-up": "^6.3.0",
        "flatted": "^3.2.9",
        "get-tsconfig": "^4.7.3",
        "happy-dom": "^14.3.10",
        "jsdom": "^24.0.0",
        "log-update": "^5.0.1",
        "micromatch": "^4.0.5",
        "p-limit": "^5.0.0",
        "pretty-format": "^29.7.0",
        "prompts": "^2.4.2",
        "strip-ansi": "^7.1.0",
        "ws": "^8.14.2"
      },
      "engines": {
        "node": "^18.0.0 || >=20.0.0"
      },
      "funding": {
        "url": "https://opencollective.com/vitest"
      },
      "peerDependencies": {
        "@edge-runtime/vm": "*",
        "@types/node": "^18.0.0 || >=20.0.0",
        "@vitest/browser": "1.6.1",
        "@vitest/ui": "1.6.1",
        "happy-dom": "*",
        "jsdom": "*"
      },
      "peerDependenciesMeta": {
        "@edge-runtime/vm": {
          "optional": true
        },
        "@types/node": {
          "optional": true
        },
        "@vitest/browser": {
          "optional": true
        },
        "@vitest/ui": {
          "optional": true
        },
        "happy-dom": {
          "optional": true
        },
        "jsdom": {
          "optional": true
        }
      }
    },
    "../../node_modules/.pnpm/web-tree-sitter@0.26.11/node_modules/web-tree-sitter": {
      "version": "0.26.11",
      "license": "MIT",
      "devDependencies": {
        "@eslint/js": "^9.39.1",
        "@types/emscripten": "^1.41.5",
        "@types/node": "^24.10.1",
        "@vitest/coverage-v8": "^3.0.5",
        "dts-buddy": "^0.6.2",
        "esbuild": "^0.27.1",
        "eslint": "^9.39.1",
        "source-map": "^0.7.4",
        "tsx": "^4.21.0",
        "typescript": "^5.7.3",
        "typescript-eslint": "^8.48.1",
        "vitest": "^3.0.5"
      }
    },
    "node_modules/@ast-grep/napi": {
      "resolved": "../../node_modules/.pnpm/@ast-grep+napi@0.44.1/node_modules/@ast-grep/napi",
      "link": true
    },
    "node_modules/@ast-grep/napi-darwin-arm64": {
      "resolved": "../../node_modules/.pnpm/@ast-grep+napi-darwin-arm64@0.44.1/node_modules/@ast-grep/napi-darwin-arm64",
      "link": true
    },
    "node_modules/@ast-grep/napi-darwin-x64": {
      "version": "0.44.1",
      "resolved": "https://registry.npmjs.org/@ast-grep/napi-darwin-x64/-/napi-darwin-x64-0.44.1.tgz",
      "integrity": "sha512-TZj9CnCoe30mj2Nri/mMDORgkp1nkeCiw03CIRPOaUqNOvCNyMWLQhxwGJcG1KpY9MuTZsbLcQ3jju0fXZJjwQ==",
      "cpu": [
        "x64"
      ],
      "license": "MIT",
      "optional": true,
      "os": [
        "darwin"
      ],
      "engines": {
        "node": ">= 10"
      }
    },
    "node_modules/@ast-grep/napi-linux-arm64-gnu": {
      "version": "0.44.1",
      "resolved": "https://registry.npmjs.org/@ast-grep/napi-linux-arm64-gnu/-/napi-linux-arm64-gnu-0.44.1.tgz",
      "integrity": "sha512-tw/7ruKolNcy97tDf/24Arb8wo/Ho2FRHk98lrmYQZZr18fFaiYjRXTCJTizOsdo6wL/asht4Rpdo/eRPuDhVw==",
      "cpu": [
        "arm64"
      ],
      "libc": [
        "glibc"
      ],
      "license": "MIT",
      "optional": true,
      "os": [
        "linux"
      ],
      "engines": {
        "node": ">= 10"
      }
    },
    "node_modules/@ast-grep/napi-linux-arm64-musl": {
      "version": "0.44.1",
      "resolved": "https://registry.npmjs.org/@ast-grep/napi-linux-arm64-musl/-/napi-linux-arm64-musl-0.44.1.tgz",
      "integrity": "sha512-IJlY4GnuDqABa40xMvJp62nEQWYmk6wXtZc2sbPiQoemxAPG6X2m+eWwYpE9heAQOe6iNkXsILNH8YZHRTYayA==",
      "cpu": [
        "arm64"
      ],
      "libc": [
        "musl"
      ],
      "license": "MIT",
      "optional": true,
      "os": [
        "linux"
      ],
      "engines": {
        "node": ">= 10"
      }
    },
    "node_modules/@ast-grep/napi-linux-x64-gnu": {
      "version": "0.44.1",
      "resolved": "https://registry.npmjs.org/@ast-grep/napi-linux-x64-gnu/-/napi-linux-x64-gnu-0.44.1.tgz",
      "integrity": "sha512-6YyLrXn0RcKCS/FpqAFVWWtbGNFYia5tNI6mX1PqVQPCMT5EojHDXpW2/eo6uV/BnGCsVpTocAWSpac6tACa6g==",
      "cpu": [
        "x64"
      ],
      "libc": [
        "glibc"
      ],
      "license": "MIT",
      "optional": true,
      "os": [
        "linux"
      ],
      "engines": {
        "node": ">= 10"
      }
    },
    "node_modules/@ast-grep/napi-linux-x64-musl": {
      "version": "0.44.1",
      "resolved": "https://registry.npmjs.org/@ast-grep/napi-linux-x64-musl/-/napi-linux-x64-musl-0.44.1.tgz",
      "integrity": "sha512-P8ze2Srap/4RsxbrzMy/NSvkRfLwNfvfoEbwBqS/q199t3wVkpS2gT13QkANrgU+RLUgAIawnFBpjbm5XinIuQ==",
      "cpu": [
        "x64"
      ],
      "libc": [
        "musl"
      ],
      "license": "MIT",
      "optional": true,
      "os": [
        "linux"
      ],
      "engines": {
        "node": ">= 10"
      }
    },
    "node_modules/@ast-grep/napi-win32-x64-msvc": {
      "version": "0.44.1",
      "resolved": "https://registry.npmjs.org/@ast-grep/napi-win32-x64-msvc/-/napi-win32-x64-msvc-0.44.1.tgz",
      "integrity": "sha512-U8CK5JaH8YUezTJnyk97I3C5Twh9gKDB/Q3KztQdOZGeoYqthnQzM4Ntvlz8aWaVSssn7OyGMr3O8ZoK0W8aJg==",
      "cpu": [
        "x64"
      ],
      "license": "MIT",
      "optional": true,
      "os": [
        "win32"
      ],
      "engines": {
        "node": ">= 10"
      }
    },
    "node_modules/@mcp-ui/server": {
      "resolved": "../../node_modules/.pnpm/@mcp-ui+server@6.1.0_zod@3.25.76/node_modules/@mcp-ui/server",
      "link": true
    },
    "node_modules/@modelcontextprotocol/sdk": {
      "resolved": "../../node_modules/.pnpm/@modelcontextprotocol+sdk@1.29.0_zod@3.25.76/node_modules/@modelcontextprotocol/sdk",
      "link": true
    },
    "node_modules/@types/better-sqlite3": {
      "resolved": "../../node_modules/.pnpm/@types+better-sqlite3@7.6.13/node_modules/@types/better-sqlite3",
      "link": true
    },
    "node_modules/@types/cors": {
      "resolved": "../../node_modules/.pnpm/@types+cors@2.8.19/node_modules/@types/cors",
      "link": true
    },
    "node_modules/@types/express": {
      "resolved": "../../node_modules/.pnpm/@types+express@5.0.6/node_modules/@types/express",
      "link": true
    },
    "node_modules/@types/inquirer": {
      "resolved": "../../node_modules/.pnpm/@types+inquirer@9.0.10/node_modules/@types/inquirer",
      "link": true
    },
    "node_modules/@types/node": {
      "resolved": "../../node_modules/.pnpm/@types+node@26.1.1/node_modules/@types/node",
      "link": true
    },
    "node_modules/@types/picomatch": {
      "resolved": "../../node_modules/.pnpm/@types+picomatch@4.0.3/node_modules/@types/picomatch",
      "link": true
    },
    "node_modules/ajv": {
      "resolved": "../../node_modules/.pnpm/ajv@8.20.0/node_modules/ajv",
      "link": true
    },
    "node_modules/better-sqlite3": {
      "resolved": "../../node_modules/.pnpm/better-sqlite3@12.11.1/node_modules/better-sqlite3",
      "link": true
    },
    "node_modules/chalk": {
      "resolved": "../../node_modules/.pnpm/chalk@5.6.2/node_modules/chalk",
      "link": true
    },
    "node_modules/commander": {
      "resolved": "../../node_modules/.pnpm/commander@15.0.0/node_modules/commander",
      "link": true
    },
    "node_modules/cors": {
      "resolved": "../../node_modules/.pnpm/cors@2.8.6/node_modules/cors",
      "link": true
    },
    "node_modules/express": {
      "resolved": "../../node_modules/.pnpm/express@5.2.1/node_modules/express",
      "link": true
    },
    "node_modules/inquirer": {
      "resolved": "../../node_modules/.pnpm/inquirer@14.0.2_@types+node@26.1.1/node_modules/inquirer",
      "link": true
    },
    "node_modules/picomatch": {
      "resolved": "../../node_modules/.pnpm/picomatch@4.0.5/node_modules/picomatch",
      "link": true
    },
    "node_modules/tree-sitter-cli": {
      "version": "0.26.12",
      "resolved": "https://registry.npmjs.org/tree-sitter-cli/-/tree-sitter-cli-0.26.12.tgz",
      "integrity": "sha512-rIdMAm6nv75MVFoZ7UTaLVB1OG5h3ZSlCZEp5pne4gOUTalJIkL0A1NlYBg0oEl/d7gvIyc2Y5Jz8m5Xj+NOEw==",
      "dev": true,
      "hasInstallScript": true,
      "license": "MIT",
      "bin": {
        "tree-sitter": "cli.js"
      },
      "engines": {
        "node": ">=12.0.0"
      }
    },
    "node_modules/tree-sitter-css": {
      "resolved": "../../node_modules/.pnpm/tree-sitter-css@0.25.0/node_modules/tree-sitter-css",
      "link": true
    },
    "node_modules/tree-sitter-go": {
      "resolved": "../../node_modules/.pnpm/tree-sitter-go@0.25.0/node_modules/tree-sitter-go",
      "link": true
    },
    "node_modules/tree-sitter-javascript": {
      "resolved": "../../node_modules/.pnpm/tree-sitter-javascript@0.25.0/node_modules/tree-sitter-javascript",
      "link": true
    },
    "node_modules/tree-sitter-scss": {
      "resolved": "../../node_modules/.pnpm/tree-sitter-scss@1.0.0/node_modules/tree-sitter-scss",
      "link": true
    },
    "node_modules/tree-sitter-typescript": {
      "resolved": "../../node_modules/.pnpm/tree-sitter-typescript@0.23.2/node_modules/tree-sitter-typescript",
      "link": true
    },
    "node_modules/tsx": {
      "resolved": "../../node_modules/.pnpm/tsx@4.23.1/node_modules/tsx",
      "link": true
    },
    "node_modules/typescript": {
      "resolved": "../../node_modules/.pnpm/typescript@7.0.2/node_modules/typescript",
      "link": true
    },
    "node_modules/vitest": {
      "resolved": "../../node_modules/.pnpm/vitest@1.6.1_@types+node@26.1.1/node_modules/vitest",
      "link": true
    },
    "node_modules/web-tree-sitter": {
      "resolved": "../../node_modules/.pnpm/web-tree-sitter@0.26.11/node_modules/web-tree-sitter",
      "link": true
    }
  }
}
